{
    "version": 3,
    "terraform_version": "0.10.3",
    "serial": 5,
    "lineage": "7b53ab12-c0c4-427b-9570-3b6b6a9babe8",
    "modules": [
        {
            "path": [
                "root"
            ],
            "outputs": {
                "master_public_ip": {
                    "sensitive": false,
                    "type": "list",
                    "value": [
                        "13.126.90.53"
                    ]
                },
                "worker1_public_ip": {
                    "sensitive": false,
                    "type": "list",
                    "value": [
                        "35.154.160.9"
                    ]
                },
                "worker2_public_ip": {
                    "sensitive": false,
                    "type": "list",
                    "value": [
                        "13.126.72.193"
                    ]
                }
            },
            "resources": {
                "aws_instance.master": {
                    "type": "aws_instance",
                    "depends_on": [
                        "aws_security_group.sgswarm"
                    ],
                    "primary": {
                        "id": "i-01f46c2f9f4a03af8",
                        "attributes": {
                            "ami": "ami-8da8d2e2",
                            "associate_public_ip_address": "true",
                            "availability_zone": "ap-south-1a",
                            "disable_api_termination": "false",
                            "ebs_block_device.#": "0",
                            "ebs_optimized": "false",
                            "ephemeral_block_device.#": "0",
                            "iam_instance_profile": "",
                            "id": "i-01f46c2f9f4a03af8",
                            "instance_state": "running",
                            "instance_type": "t2.micro",
                            "ipv6_addresses.#": "0",
                            "key_name": "ec2-core-app",
                            "monitoring": "false",
                            "network_interface.#": "0",
                            "network_interface_id": "eni-34d0116b",
                            "primary_network_interface_id": "eni-34d0116b",
                            "private_dns": "ip-172-31-26-96.ap-south-1.compute.internal",
                            "private_ip": "172.31.26.96",
                            "public_dns": "ec2-13-126-90-53.ap-south-1.compute.amazonaws.com",
                            "public_ip": "13.126.90.53",
                            "root_block_device.#": "1",
                            "root_block_device.0.delete_on_termination": "true",
                            "root_block_device.0.iops": "100",
                            "root_block_device.0.volume_size": "8",
                            "root_block_device.0.volume_type": "gp2",
                            "security_groups.#": "1",
                            "security_groups.2056818582": "sgswarm",
                            "source_dest_check": "true",
                            "subnet_id": "subnet-16814c7f",
                            "tags.%": "1",
                            "tags.Name": "master",
                            "tenancy": "default",
                            "user_data": "5a0fd2c2954998a53d14f05bb13476dc2af7e02d",
                            "volume_tags.%": "0",
                            "vpc_security_group_ids.#": "0"
                        },
                        "meta": {
                            "e2bfb730-ecaa-11e6-8f88-34363bc7c4c0": {
                                "create": 600000000000,
                                "delete": 600000000000,
                                "update": 600000000000
                            },
                            "schema_version": "1"
                        },
                        "tainted": false
                    },
                    "deposed": [],
                    "provider": ""
                },
                "aws_instance.worker1": {
                    "type": "aws_instance",
                    "depends_on": [
                        "aws_security_group.sgswarm"
                    ],
                    "primary": {
                        "id": "i-048b722068a479aa1",
                        "attributes": {
                            "ami": "ami-8da8d2e2",
                            "associate_public_ip_address": "true",
                            "availability_zone": "ap-south-1a",
                            "disable_api_termination": "false",
                            "ebs_block_device.#": "0",
                            "ebs_optimized": "false",
                            "ephemeral_block_device.#": "0",
                            "iam_instance_profile": "",
                            "id": "i-048b722068a479aa1",
                            "instance_state": "running",
                            "instance_type": "t2.micro",
                            "ipv6_addresses.#": "0",
                            "key_name": "ec2-core-app",
                            "monitoring": "false",
                            "network_interface.#": "0",
                            "network_interface_id": "eni-f6d716a9",
                            "primary_network_interface_id": "eni-f6d716a9",
                            "private_dns": "ip-172-31-23-173.ap-south-1.compute.internal",
                            "private_ip": "172.31.23.173",
                            "public_dns": "ec2-35-154-160-9.ap-south-1.compute.amazonaws.com",
                            "public_ip": "35.154.160.9",
                            "root_block_device.#": "1",
                            "root_block_device.0.delete_on_termination": "true",
                            "root_block_device.0.iops": "100",
                            "root_block_device.0.volume_size": "8",
                            "root_block_device.0.volume_type": "gp2",
                            "security_groups.#": "1",
                            "security_groups.2056818582": "sgswarm",
                            "source_dest_check": "true",
                            "subnet_id": "subnet-16814c7f",
                            "tags.%": "1",
                            "tags.Name": "worker 1",
                            "tenancy": "default",
                            "user_data": "5a0fd2c2954998a53d14f05bb13476dc2af7e02d",
                            "volume_tags.%": "0",
                            "vpc_security_group_ids.#": "0"
                        },
                        "meta": {
                            "e2bfb730-ecaa-11e6-8f88-34363bc7c4c0": {
                                "create": 600000000000,
                                "delete": 600000000000,
                                "update": 600000000000
                            },
                            "schema_version": "1"
                        },
                        "tainted": false
                    },
                    "deposed": [],
                    "provider": ""
                },
                "aws_instance.worker2": {
                    "type": "aws_instance",
                    "depends_on": [
                        "aws_security_group.sgswarm"
                    ],
                    "primary": {
                        "id": "i-03bb86e40ee69209e",
                        "attributes": {
                            "ami": "ami-8da8d2e2",
                            "associate_public_ip_address": "true",
                            "availability_zone": "ap-south-1a",
                            "disable_api_termination": "false",
                            "ebs_block_device.#": "0",
                            "ebs_optimized": "false",
                            "ephemeral_block_device.#": "0",
                            "iam_instance_profile": "",
                            "id": "i-03bb86e40ee69209e",
                            "instance_state": "running",
                            "instance_type": "t2.micro",
                            "ipv6_addresses.#": "0",
                            "key_name": "ec2-core-app",
                            "monitoring": "false",
                            "network_interface.#": "0",
                            "network_interface_id": "eni-dad41585",
                            "primary_network_interface_id": "eni-dad41585",
                            "private_dns": "ip-172-31-18-77.ap-south-1.compute.internal",
                            "private_ip": "172.31.18.77",
                            "public_dns": "ec2-13-126-72-193.ap-south-1.compute.amazonaws.com",
                            "public_ip": "13.126.72.193",
                            "root_block_device.#": "1",
                            "root_block_device.0.delete_on_termination": "true",
                            "root_block_device.0.iops": "100",
                            "root_block_device.0.volume_size": "8",
                            "root_block_device.0.volume_type": "gp2",
                            "security_groups.#": "1",
                            "security_groups.2056818582": "sgswarm",
                            "source_dest_check": "true",
                            "subnet_id": "subnet-16814c7f",
                            "tags.%": "1",
                            "tags.Name": "worker 2",
                            "tenancy": "default",
                            "user_data": "5a0fd2c2954998a53d14f05bb13476dc2af7e02d",
                            "volume_tags.%": "0",
                            "vpc_security_group_ids.#": "0"
                        },
                        "meta": {
                            "e2bfb730-ecaa-11e6-8f88-34363bc7c4c0": {
                                "create": 600000000000,
                                "delete": 600000000000,
                                "update": 600000000000
                            },
                            "schema_version": "1"
                        },
                        "tainted": false
                    },
                    "deposed": [],
                    "provider": ""
                },
                "aws_security_group.sgswarm": {
                    "type": "aws_security_group",
                    "depends_on": [],
                    "primary": {
                        "id": "sg-9e147ef6",
                        "attributes": {
                            "description": "Managed by Terraform",
                            "egress.#": "1",
                            "egress.1403647648.cidr_blocks.#": "1",
                            "egress.1403647648.cidr_blocks.0": "0.0.0.0/0",
                            "egress.1403647648.from_port": "0",
                            "egress.1403647648.ipv6_cidr_blocks.#": "0",
                            "egress.1403647648.prefix_list_ids.#": "0",
                            "egress.1403647648.protocol": "tcp",
                            "egress.1403647648.security_groups.#": "0",
                            "egress.1403647648.self": "false",
                            "egress.1403647648.to_port": "65535",
                            "id": "sg-9e147ef6",
                            "ingress.#": "2",
                            "ingress.1403647648.cidr_blocks.#": "1",
                            "ingress.1403647648.cidr_blocks.0": "0.0.0.0/0",
                            "ingress.1403647648.from_port": "0",
                            "ingress.1403647648.ipv6_cidr_blocks.#": "0",
                            "ingress.1403647648.protocol": "tcp",
                            "ingress.1403647648.security_groups.#": "0",
                            "ingress.1403647648.self": "false",
                            "ingress.1403647648.to_port": "65535",
                            "ingress.1799340084.cidr_blocks.#": "1",
                            "ingress.1799340084.cidr_blocks.0": "0.0.0.0/0",
                            "ingress.1799340084.from_port": "-1",
                            "ingress.1799340084.ipv6_cidr_blocks.#": "0",
                            "ingress.1799340084.protocol": "icmp",
                            "ingress.1799340084.security_groups.#": "0",
                            "ingress.1799340084.self": "false",
                            "ingress.1799340084.to_port": "-1",
                            "name": "sgswarm",
                            "owner_id": "852015740547",
                            "tags.%": "1",
                            "tags.Name": "sgswarm",
                            "vpc_id": "vpc-7714d51e"
                        },
                        "meta": {},
                        "tainted": false
                    },
                    "deposed": [],
                    "provider": ""
                }
            },
            "depends_on": []
        }
    ]
}
